// !$*UTF8*$!
{
	archiveVersion = 1;
	classes = {
	};
	objectVersion = 77;
	objects = {

/* Begin PBXContainerItemProxy section */
		610EBD7C2FB5E8A600454BB8 /* PBXContainerItemProxy */ = {
			isa = PBXContainerItemProxy;
			containerPortal = 610EBD642FB5E8A500454BB8 /* Project object */;
			proxyType = 1;
			remoteGlobalIDString = 610EBD6B2FB5E8A500454BB8;
			remoteInfo = "ASOCompass";
		};
		610EBD862FB5E8A600454BB8 /* PBXContainerItemProxy */ = {
			isa = PBXContainerItemProxy;
			containerPortal = 610EBD642FB5E8A500454BB8 /* Project object */;
			proxyType = 1;
			remoteGlobalIDString = 610EBD6B2FB5E8A500454BB8;
			remoteInfo = "ASOCompass";
		};
/* End PBXContainerItemProxy section */

/* Begin PBXFileReference section */
		610EBD6C2FB5E8A500454BB8 /* ASOCompass.app */ = {isa = PBXFileReference; explicitFileType = wrapper.application; includeInIndex = 0; path = "ASOCompass.app"; sourceTree = BUILT_PRODUCTS_DIR; };
		610EBD7B2FB5E8A600454BB8 /* ASOCompassTests.xctest */ = {isa = PBXFileReference; explicitFileType = wrapper.cfbundle; includeInIndex = 0; path = "ASOCompassTests.xctest"; sourceTree = BUILT_PRODUCTS_DIR; };
		610EBD852FB5E8A600454BB8 /* ASOCompassUITests.xctest */ = {isa = PBXFileReference; explicitFileType = wrapper.cfbundle; includeInIndex = 0; path = "ASOCompassUITests.xctest"; sourceTree = BUILT_PRODUCTS_DIR; };
/* End PBXFileReference section */

/* Begin PBXFileSystemSynchronizedRootGroup section */
		610EBD6E2FB5E8A500454BB8 /* ASOCompass */ = {
			isa = PBXFileSystemSynchronizedRootGroup;
			path = "ASOCompass";
			sourceTree = "<group>";
		};
		610EBD7E2FB5E8A600454BB8 /* ASOCompassTests */ = {
			isa = PBXFileSystemSynchronizedRootGroup;
			path = "ASOCompassTests";
			sourceTree = "<group>";
		};
		610EBD882FB5E8A600454BB8 /* ASOCompassUITests */ = {
			isa = PBXFileSystemSynchronizedRootGroup;
			path = "ASOCompassUITests";
			sourceTree = "<group>";
		};
/* End PBXFileSystemSynchronizedRootGroup section */

/* Begin PBXFrameworksBuildPhase section */
		610EBD692FB5E8A500454BB8 /* Frameworks */ = {
			isa = PBXFrameworksBuildPhase;
			buildActionMask = 2147483647;
			files = (
			);
			runOnlyForDeploymentPostprocessing = 0;
		};
		610EBD782FB5E8A600454BB8 /* Frameworks */ = {
			isa = PBXFrameworksBuildPhase;
			buildActionMask = 2147483647;
			files = (
			);
			runOnlyForDeploymentPostprocessing = 0;
		};
		610EBD822FB5E8A600454BB8 /* Frameworks */ = {
			isa = PBXFrameworksBuildPhase;
			buildActionMask = 2147483647;
			files = (
			);
			runOnlyForDeploymentPostprocessing = 0;
		};
/* End PBXFrameworksBuildPhase section */

/* Begin PBXGroup section */
		610EBD632FB5E8A500454BB8 = {
			isa = PBXGroup;
			children = (
				610EBD6E2FB5E8A500454BB8 /* ASOCompass */,
				610EBD7E2FB5E8A600454BB8 /* ASOCompassTests */,
				610EBD882FB5E8A600454BB8 /* ASOCompassUITests */,
				610EBD6D2FB5E8A500454BB8 /* Products */,
			);
			sourceTree = "<group>";
		};
		610EBD6D2FB5E8A500454BB8 /* Products */ = {
			isa = PBXGroup;
			children = (
				610EBD6C2FB5E8A500454BB8 /* ASOCompass.app */,
				610EBD7B2FB5E8A600454BB8 /* ASOCompassTests.xctest */,
				610EBD852FB5E8A600454BB8 /* ASOCompassUITests.xctest */,
			);
			name = Products;
			sourceTree = "<group>";
		};
/* End PBXGroup section */

/* Begin PBXNativeTarget section */
		610EBD6B2FB5E8A500454BB8 /* ASOCompass */ = {
			isa = PBXNativeTarget;
			buildConfigurationList = 610EBD8F2FB5E8A600454BB8 /* Build configuration list for PBXNativeTarget "ASOCompass" */;
			buildPhases = (
				610EBD682FB5E8A500454BB8 /* Sources */,
				610EBD692FB5E8A500454BB8 /* Frameworks */,
				610EBD6A2FB5E8A500454BB8 /* Resources */,
			);
			buildRules = (
			);
			dependencies = (
			);
			fileSystemSynchronizedGroups = (
				610EBD6E2FB5E8A500454BB8 /* ASOCompass */,
			);
			name = "ASOCompass";
			packageProductDependencies = (
			);
			productName = "ASOCompass";
			productReference = 610EBD6C2FB5E8A500454BB8 /* ASOCompass.app */;
			productType = "com.apple.product-type.application";
		};
		610EBD7A2FB5E8A600454BB8 /* ASOCompassTests */ = {
			isa = PBXNativeTarget;
			buildConfigurationList = 610EBD922FB5E8A600454BB8 /* Build configuration list for PBXNativeTarget "ASOCompassTests" */;
			buildPhases = (
				610EBD772FB5E8A600454BB8 /* Sources */,
				610EBD782FB5E8A600454BB8 /* Frameworks */,
				610EBD792FB5E8A600454BB8 /* Resources */,
			);
			buildRules = (
			);
			dependencies = (
				610EBD7D2FB5E8A600454BB8 /* PBXTargetDependency */,
			);
			fileSystemSynchronizedGroups = (
				610EBD7E2FB5E8A600454BB8 /* ASOCompassTests */,
			);
			name = "ASOCompassTests";
			packageProductDependencies = (
			);
			productName = "ASOCompassTests";
			productReference = 610EBD7B2FB5E8A600454BB8 /* ASOCompassTests.xctest */;
			productType = "com.apple.product-type.bundle.unit-test";
		};
		610EBD842FB5E8A600454BB8 /* ASOCompassUITests */ = {
			isa = PBXNativeTarget;
			buildConfigurationList = 610EBD952FB5E8A600454BB8 /* Build configuration list for PBXNativeTarget "ASOCompassUITests" */;
			buildPhases = (
				610EBD812FB5E8A600454BB8 /* Sources */,
				610EBD822FB5E8A600454BB8 /* Frameworks */,
				610EBD832FB5E8A600454BB8 /* Resources */,
			);
			buildRules = (
			);
			dependencies = (
				610EBD872FB5E8A600454BB8 /* PBXTargetDependency */,
			);
			fileSystemSynchronizedGroups = (
				610EBD882FB5E8A600454BB8 /* ASOCompassUITests */,
			);
			name = "ASOCompassUITests";
			packageProductDependencies = (
			);
			productName = "ASOCompassUITests";
			productReference = 610EBD852FB5E8A600454BB8 /* ASOCompassUITests.xctest */;
			productType = "com.apple.product-type.bundle.ui-testing";
		};
/* End PBXNativeTarget section */

/* Begin PBXProject section */
		610EBD642FB5E8A500454BB8 /* Project object */ = {
			isa = PBXProject;
			attributes = {
				BuildIndependentTargetsInParallel = 1;
				LastSwiftUpdateCheck = 2630;
				LastUpgradeCheck = 2630;
				TargetAttributes = {
					610EBD6B2FB5E8A500454BB8 = {
						CreatedOnToolsVersion = 26.3;
					};
					610EBD7A2FB5E8A600454BB8 = {
						CreatedOnToolsVersion = 26.3;
						TestTargetID = 610EBD6B2FB5E8A500454BB8;
					};
					610EBD842FB5E8A600454BB8 = {
						CreatedOnToolsVersion = 26.3;
						TestTargetID = 610EBD6B2FB5E8A500454BB8;
					};
				};
			};
			buildConfigurationList = 610EBD672FB5E8A500454BB8 /* Build configuration list for PBXProject "ASOCompass" */;
			developmentRegion = en;
			hasScannedForEncodings = 0;
			knownRegions = (
				en,
				Base,
			);
			mainGroup = 610EBD632FB5E8A500454BB8;
			minimizedProjectReferenceProxies = 1;
			preferredProjectObjectVersion = 77;
			productRefGroup = 610EBD6D2FB5E8A500454BB8 /* Products */;
			projectDirPath = "";
			projectRoot = "";
			targets = (
				610EBD6B2FB5E8A500454BB8 /* ASOCompass */,
				610EBD7A2FB5E8A600454BB8 /* ASOCompassTests */,
				610EBD842FB5E8A600454BB8 /* ASOCompassUITests */,
			);
		};
/* End PBXProject section */

/* Begin PBXResourcesBuildPhase section */
		610EBD6A2FB5E8A500454BB8 /* Resources */ = {
			isa = PBXResourcesBuildPhase;
			buildActionMask = 2147483647;
			files = (
			);
			runOnlyForDeploymentPostprocessing = 0;
		};
		610EBD792FB5E8A600454BB8 /* Resources */ = {
			isa = PBXResourcesBuildPhase;
			buildActionMask = 2147483647;
			files = (
			);
			runOnlyForDeploymentPostprocessing = 0;
		};
		610EBD832FB5E8A600454BB8 /* Resources */ = {
			isa = PBXResourcesBuildPhase;
			buildActionMask = 2147483647;
			files = (
			);
			runOnlyForDeploymentPostprocessing = 0;
		};
/* End PBXResourcesBuildPhase section */

/* Begin PBXSourcesBuildPhase section */
		610EBD682FB5E8A500454BB8 /* Sources */ = {
			isa = PBXSourcesBuildPhase;
			buildActionMask = 2147483647;
			files = (
			);
			runOnlyForDeploymentPostprocessing = 0;
		};
		610EBD772FB5E8A600454BB8 /* Sources */ = {
			isa = PBXSourcesBuildPhase;
			buildActionMask = 2147483647;
			files = (
			);
			runOnlyForDeploymentPostprocessing = 0;
		};
		610EBD812FB5E8A600454BB8 /* Sources */ = {
			isa = PBXSourcesBuildPhase;
			buildActionMask = 2147483647;
			files = (
			);
			runOnlyForDeploymentPostprocessing = 0;
		};
/* End PBXSourcesBuildPhase section */

/* Begin PBXTargetDependency section */
		610EBD7D2FB5E8A600454BB8 /* PBXTargetDependency */ = {
			isa = PBXTargetDependency;
			target = 610EBD6B2FB5E8A500454BB8 /* ASOCompass */;
			targetProxy = 610EBD7C2FB5E8A600454BB8 /* PBXContainerItemProxy */;
		};
		610EBD872FB5E8A600454BB8 /* PBXTargetDependency */ = {
			isa = PBXTargetDependency;
			target = 610EBD6B2FB5E8A500454BB8 /* ASOCompass */;
			targetProxy = 610EBD862FB5E8A600454BB8 /* PBXContainerItemProxy */;
		};
/* End PBXTargetDependency section */

/* Begin XCBuildConfiguration section */
		610EBD8D2FB5E8A600454BB8 /* Debug */ = {
			isa = XCBuildConfiguration;
			buildSettings = {
				ALWAYS_SEARCH_USER_PATHS = NO;
				ASSETCATALOG_COMPILER_GENERATE_SWIFT_ASSET_SYMBOL_EXTENSIONS = YES;
				CLANG_ANALYZER_NONNULL = YES;
				CLANG_ANALYZER_NUMBER_OBJECT_CONVERSION = YES_AGGRESSIVE;
				CLANG_CXX_LANGUAGE_STANDARD = "gnu++20";
				CLANG_ENABLE_MODULES = YES;
				CLANG_ENABLE_OBJC_ARC = YES;
				CLANG_ENABLE_OBJC_WEAK = YES;
				CLANG_WARN_BLOCK_CAPTURE_AUTORELEASING = YES;
				CLANG_WARN_BOOL_CONVERSION = YES;
				CLANG_WARN_COMMA = YES;
				CLANG_WARN_CONSTANT_CONVERSION = YES;
				CLANG_WARN_DEPRECATED_OBJC_IMPLEMENTATIONS = YES;
				CLANG_WARN_DIRECT_OBJC_ISA_USAGE = YES_ERROR;
				CLANG_WARN_DOCUMENTATION_COMMENTS = YES;
				CLANG_WARN_EMPTY_BODY = YES;
				CLANG_WARN_ENUM_CONVERSION = YES;
				CLANG_WARN_INFINITE_RECURSION = YES;
				CLANG_WARN_INT_CONVERSION = YES;
				CLANG_WARN_NON_LITERAL_NULL_CONVERSION = YES;
				CLANG_WARN_OBJC_IMPLICIT_RETAIN_SELF = YES;
				CLANG_WARN_OBJC_LITERAL_CONVERSION = YES;
				CLANG_WARN_OBJC_ROOT_CLASS = YES_ERROR;
				CLANG_WARN_QUOTED_INCLUDE_IN_FRAMEWORK_HEADER = YES;
				CLANG_WARN_RANGE_LOOP_ANALYSIS = YES;
				CLANG_WARN_STRICT_PROTOTYPES = YES;
				CLANG_WARN_SUSPICIOUS_MOVE = YES;
				CLANG_WARN_UNGUARDED_AVAILABILITY = YES_AGGRESSIVE;
				CLANG_WARN_UNREACHABLE_CODE = YES;
				CLANG_WARN__DUPLICATE_METHOD_MATCH = YES;
				COPY_PHASE_STRIP = NO;
				DEBUG_INFORMATION_FORMAT = dwarf;
				DEVELOPMENT_TEAM = 4YZQY4C47E;
				ENABLE_STRICT_OBJC_MSGSEND = YES;
				ENABLE_TESTABILITY = YES;
				ENABLE_USER_SCRIPT_SANDBOXING = YES;
				GCC_C_LANGUAGE_STANDARD = gnu17;
				GCC_DYNAMIC_NO_PIC = NO;
				GCC_NO_COMMON_BLOCKS = YES;
				GCC_OPTIMIZATION_LEVEL = 0;
				GCC_PREPROCESSOR_DEFINITIONS = (
					"DEBUG=1",
					"$(inherited)",
				);
				GCC_WARN_64_TO_32_BIT_CONVERSION = YES;
				GCC_WARN_ABOUT_RETURN_TYPE = YES_ERROR;
				GCC_WARN_UNDECLARED_SELECTOR = YES;
				GCC_WARN_UNINITIALIZED_AUTOS = YES_AGGRESSIVE;
				GCC_WARN_UNUSED_FUNCTION = YES;
				GCC_WARN_UNUSED_VARIABLE = YES;
				LOCALIZATION_PREFERS_STRING_CATALOGS = YES;
				MACOSX_DEPLOYMENT_TARGET = 26.2;
				MTL_ENABLE_DEBUG_INFO = INCLUDE_SOURCE;
				MTL_FAST_MATH = YES;
				ONLY_ACTIVE_ARCH = YES;
				SDKROOT = macosx;
				SWIFT_ACTIVE_COMPILATION_CONDITIONS = "DEBUG $(inherited)";
				SWIFT_OPTIMIZATION_LEVEL = "-Onone";
			};
			name = Debug;
		};
		610EBD8E2FB5E8A600454BB8 /* Release */ = {
			isa = XCBuildConfiguration;
			buildSettings = {
				ALWAYS_SEARCH_USER_PATHS = NO;
				ASSETCATALOG_COMPILER_GENERATE_SWIFT_ASSET_SYMBOL_EXTENSIONS = YES;
				CLANG_ANALYZER_NONNULL = YES;
				CLANG_ANALYZER_NUMBER_OBJECT_CONVERSION = YES_AGGRESSIVE;
				CLANG_CXX_LANGUAGE_STANDARD = "gnu++20";
				CLANG_ENABLE_MODULES = YES;
				CLANG_ENABLE_OBJC_ARC = YES;
				CLANG_ENABLE_OBJC_WEAK = YES;
				CLANG_WARN_BLOCK_CAPTURE_AUTORELEASING = YES;
				CLANG_WARN_BOOL_CONVERSION = YES;
				CLANG_WARN_COMMA = YES;
				CLANG_WARN_CONSTANT_CONVERSION = YES;
				CLANG_WARN_DEPRECATED_OBJC_IMPLEMENTATIONS = YES;
				CLANG_WARN_DIRECT_OBJC_ISA_USAGE = YES_ERROR;
				CLANG_WARN_DOCUMENTATION_COMMENTS = YES;
				CLANG_WARN_EMPTY_BODY = YES;
				CLANG_WARN_ENUM_CONVERSION = YES;
				CLANG_WARN_INFINITE_RECURSION = YES;
				CLANG_WARN_INT_CONVERSION = YES;
				CLANG_WARN_NON_LITERAL_NULL_CONVERSION = YES;
				CLANG_WARN_OBJC_IMPLICIT_RETAIN_SELF = YES;
				CLANG_WARN_OBJC_LITERAL_CONVERSION = YES;
				CLANG_WARN_OBJC_ROOT_CLASS = YES_ERROR;
				CLANG_WARN_QUOTED_INCLUDE_IN_FRAMEWORK_HEADER = YES;
				CLANG_WARN_RANGE_LOOP_ANALYSIS = YES;
				CLANG_WARN_STRICT_PROTOTYPES = YES;
				CLANG_WARN_SUSPICIOUS_MOVE = YES;
				CLANG_WARN_UNGUARDED_AVAILABILITY = YES_AGGRESSIVE;
				CLANG_WARN_UNREACHABLE_CODE = YES;
				CLANG_WARN__DUPLICATE_METHOD_MATCH = YES;
				COPY_PHASE_STRIP = NO;
				DEBUG_INFORMATION_FORMAT = "dwarf-with-dsym";
				DEVELOPMENT_TEAM = 4YZQY4C47E;
				ENABLE_NS_ASSERTIONS = NO;
				ENABLE_STRICT_OBJC_MSGSEND = YES;
				ENABLE_USER_SCRIPT_SANDBOXING = YES;
				GCC_C_LANGUAGE_STANDARD = gnu17;
				GCC_NO_COMMON_BLOCKS = YES;
				GCC_WARN_64_TO_32_BIT_CONVERSION = YES;
				GCC_WARN_ABOUT_RETURN_TYPE = YES_ERROR;
				GCC_WARN_UNDECLARED_SELECTOR = YES;
				GCC_WARN_UNINITIALIZED_AUTOS = YES_AGGRESSIVE;
				GCC_WARN_UNUSED_FUNCTION = YES;
				GCC_WARN_UNUSED_VARIABLE = YES;
				LOCALIZATION_PREFERS_STRING_CATALOGS = YES;
				MACOSX_DEPLOYMENT_TARGET = 26.2;
				MTL_ENABLE_DEBUG_INFO = NO;
				MTL_FAST_MATH = YES;
				SDKROOT = macosx;
				SWIFT_COMPILATION_MODE = wholemodule;
			};
			name = Release;
		};
		610EBD902FB5E8A600454BB8 /* Debug */ = {
			isa = XCBuildConfiguration;
			buildSettings = {
				ASSETCATALOG_COMPILER_APPICON_NAME = AppIcon;
				ASSETCATALOG_COMPILER_GLOBAL_ACCENT_COLOR_NAME = AccentColor;
				CODE_SIGN_STYLE = Automatic;
				COMBINE_HIDPI_IMAGES = YES;
				CURRENT_PROJECT_VERSION = 1;
				DEVELOPMENT_TEAM = 4YZQY4C47E;
				CODE_SIGN_ENTITLEMENTS = "ASOCompass/ASOCompass.entitlements";
				ENABLE_APP_SANDBOX = YES;
				ENABLE_HARDENED_RUNTIME = YES;
				ENABLE_OUTGOING_CONNECTIONS = YES;
				ENABLE_PREVIEWS = YES;
				ENABLE_USER_SELECTED_FILES = readonly;
				GENERATE_INFOPLIST_FILE = YES;
				INFOPLIST_KEY_NSHumanReadableCopyright = "";
				LD_RUNPATH_SEARCH_PATHS = (
					"$(inherited)",
					"@executable_path/../Frameworks",
				);
				MARKETING_VERSION = 1.0;
				PRODUCT_BUNDLE_IDENTIFIER = "com.entaku.ASOCompass";
				PRODUCT_NAME = "$(TARGET_NAME)";
				REGISTER_APP_GROUPS = YES;
				STRING_CATALOG_GENERATE_SYMBOLS = YES;
				SWIFT_APPROACHABLE_CONCURRENCY = YES;
				SWIFT_DEFAULT_ACTOR_ISOLATION = MainActor;
				SWIFT_EMIT_LOC_STRINGS = YES;
				SWIFT_UPCOMING_FEATURE_MEMBER_IMPORT_VISIBILITY = YES;
				SWIFT_VERSION = 5.0;
			};
			name = Debug;
		};
		610EBD912FB5E8A600454BB8 /* Release */ = {
			isa = XCBuildConfiguration;
			buildSettings = {
				ASSETCATALOG_COMPILER_APPICON_NAME = AppIcon;
				ASSETCATALOG_COMPILER_GLOBAL_ACCENT_COLOR_NAME = AccentColor;
				CODE_SIGN_STYLE = Automatic;
				COMBINE_HIDPI_IMAGES = YES;
				CURRENT_PROJECT_VERSION = 1;
				DEVELOPMENT_TEAM = 4YZQY4C47E;
				CODE_SIGN_ENTITLEMENTS = "ASOCompass/ASOCompass.entitlements";
				ENABLE_APP_SANDBOX = YES;
				ENABLE_HARDENED_RUNTIME = YES;
				ENABLE_OUTGOING_CONNECTIONS = YES;
				ENABLE_PREVIEWS = YES;
				ENABLE_USER_SELECTED_FILES = readonly;
				GENERATE_INFOPLIST_FILE = YES;
				INFOPLIST_KEY_NSHumanReadableCopyright = "";
				LD_RUNPATH_SEARCH_PATHS = (
					"$(inherited)",
					"@executable_path/../Frameworks",
				);
				MARKETING_VERSION = 1.0;
				PRODUCT_BUNDLE_IDENTIFIER = "com.entaku.ASOCompass";
				PRODUCT_NAME = "$(TARGET_NAME)";
				REGISTER_APP_GROUPS = YES;
				STRING_CATALOG_GENERATE_SYMBOLS = YES;
				SWIFT_APPROACHABLE_CONCURRENCY = YES;
				SWIFT_DEFAULT_ACTOR_ISOLATION = MainActor;
				SWIFT_EMIT_LOC_STRINGS = YES;
				SWIFT_UPCOMING_FEATURE_MEMBER_IMPORT_VISIBILITY = YES;
				SWIFT_VERSION = 5.0;
			};
			name = Release;
		};
		610EBD932FB5E8A600454BB8 /* Debug */ = {
			isa = XCBuildConfiguration;
			buildSettings = {
				BUNDLE_LOADER = "$(TEST_HOST)";
				CODE_SIGN_STYLE = Automatic;
				CURRENT_PROJECT_VERSION = 1;
				DEVELOPMENT_TEAM = 4YZQY4C47E;
				GENERATE_INFOPLIST_FILE = YES;
				MACOSX_DEPLOYMENT_TARGET = 26.2;
				MARKETING_VERSION = 1.0;
				PRODUCT_BUNDLE_IDENTIFIER = "com.entaku.ASOCompassTests";
				PRODUCT_NAME = "$(TARGET_NAME)";
				STRING_CATALOG_GENERATE_SYMBOLS = NO;
				SWIFT_APPROACHABLE_CONCURRENCY = YES;
				SWIFT_EMIT_LOC_STRINGS = NO;
				SWIFT_UPCOMING_FEATURE_MEMBER_IMPORT_VISIBILITY = YES;
				SWIFT_VERSION = 5.0;
				TEST_HOST = "$(BUILT_PRODUCTS_DIR)/ASOCompass.app/$(BUNDLE_EXECUTABLE_FOLDER_PATH)/ASOCompass";
			};
			name = Debug;
		};
		610EBD942FB5E8A600454BB8 /* Release */ = {
			isa = XCBuildConfiguration;
			buildSettings = {
				BUNDLE_LOADER = "$(TEST_HOST)";
				CODE_SIGN_STYLE = Automatic;
				CURRENT_PROJECT_VERSION = 1;
				DEVELOPMENT_TEAM = 4YZQY4C47E;
				GENERATE_INFOPLIST_FILE = YES;
				MACOSX_DEPLOYMENT_TARGET = 26.2;
				MARKETING_VERSION = 1.0;
				PRODUCT_BUNDLE_IDENTIFIER = "com.entaku.ASOCompassTests";
				PRODUCT_NAME = "$(TARGET_NAME)";
				STRING_CATALOG_GENERATE_SYMBOLS = NO;
				SWIFT_APPROACHABLE_CONCURRENCY = YES;
				SWIFT_EMIT_LOC_STRINGS = NO;
				SWIFT_UPCOMING_FEATURE_MEMBER_IMPORT_VISIBILITY = YES;
				SWIFT_VERSION = 5.0;
				TEST_HOST = "$(BUILT_PRODUCTS_DIR)/ASOCompass.app/$(BUNDLE_EXECUTABLE_FOLDER_PATH)/ASOCompass";
			};
			name = Release;
		};
		610EBD962FB5E8A600454BB8 /* Debug */ = {
			isa = XCBuildConfiguration;
			buildSettings = {
				CODE_SIGN_STYLE = Automatic;
				CURRENT_PROJECT_VERSION = 1;
				DEVELOPMENT_TEAM = 4YZQY4C47E;
				GENERATE_INFOPLIST_FILE = YES;
				MARKETING_VERSION = 1.0;
				PRODUCT_BUNDLE_IDENTIFIER = "com.entaku.ASOCompassUITests";
				PRODUCT_NAME = "$(TARGET_NAME)";
				STRING_CATALOG_GENERATE_SYMBOLS = NO;
				SWIFT_APPROACHABLE_CONCURRENCY = YES;
				SWIFT_EMIT_LOC_STRINGS = NO;
				SWIFT_UPCOMING_FEATURE_MEMBER_IMPORT_VISIBILITY = YES;
				SWIFT_VERSION = 5.0;
				TEST_TARGET_NAME = "ASOCompass";
			};
			name = Debug;
		};
		610EBD972FB5E8A600454BB8 /* Release */ = {
			isa = XCBuildConfiguration;
			buildSettings = {
				CODE_SIGN_STYLE = Automatic;
				CURRENT_PROJECT_VERSION = 1;
				DEVELOPMENT_TEAM = 4YZQY4C47E;
				GENERATE_INFOPLIST_FILE = YES;
				MARKETING_VERSION = 1.0;
				PRODUCT_BUNDLE_IDENTIFIER = "com.entaku.ASOCompassUITests";
				PRODUCT_NAME = "$(TARGET_NAME)";
				STRING_CATALOG_GENERATE_SYMBOLS = NO;
				SWIFT_APPROACHABLE_CONCURRENCY = YES;
				SWIFT_EMIT_LOC_STRINGS = NO;
				SWIFT_UPCOMING_FEATURE_MEMBER_IMPORT_VISIBILITY = YES;
				SWIFT_VERSION = 5.0;
				TEST_TARGET_NAME = "ASOCompass";
			};
			name = Release;
		};
/* End XCBuildConfiguration section */

/* Begin XCConfigurationList section */
		610EBD672FB5E8A500454BB8 /* Build configuration list for PBXProject "ASOCompass" */ = {
			isa = XCConfigurationList;
			buildConfigurations = (
				610EBD8D2FB5E8A600454BB8 /* Debug */,
				610EBD8E2FB5E8A600454BB8 /* Release */,
			);
			defaultConfigurationIsVisible = 0;
			defaultConfigurationName = Release;
		};
		610EBD8F2FB5E8A600454BB8 /* Build configuration list for PBXNativeTarget "ASOCompass" */ = {
			isa = XCConfigurationList;
			buildConfigurations = (
				610EBD902FB5E8A600454BB8 /* Debug */,
				610EBD912FB5E8A600454BB8 /* Release */,
			);
			defaultConfigurationIsVisible = 0;
			defaultConfigurationName = Release;
		};
		610EBD922FB5E8A600454BB8 /* Build configuration list for PBXNativeTarget "ASOCompassTests" */ = {
			isa = XCConfigurationList;
			buildConfigurations = (
				610EBD932FB5E8A600454BB8 /* Debug */,
				610EBD942FB5E8A600454BB8 /* Release */,
			);
			defaultConfigurationIsVisible = 0;
			defaultConfigurationName = Release;
		};
		610EBD952FB5E8A600454BB8 /* Build configuration list for PBXNativeTarget "ASOCompassUITests" */ = {
			isa = XCConfigurationList;
			buildConfigurations = (
				610EBD962FB5E8A600454BB8 /* Debug */,
				610EBD972FB5E8A600454BB8 /* Release */,
			);
			defaultConfigurationIsVisible = 0;
			defaultConfigurationName = Release;
		};
/* End XCConfigurationList section */
	};
	rootObject = 610EBD642FB5E8A500454BB8 /* Project object */;
}
